version = 1
revision = 3
requires-python = ">=3.14"

[[package]]
name = "api_gateway"
version = "0.1.0"
source = { editable = "." }
dependencies = [
    { name = "shared_proto" },
]

[package.metadata]
requires-dist = [{ name = "shared_proto", editable = "../../packages/shared_proto" }]

[[package]]
name = "shared_proto"
version = "0.1.0"
source = { editable = "../../packages/shared_proto" }

[package.metadata]
requires-dist = [{ name = "shared_proto" }]
